{
  "name": "vue-source",
  "version": "1.0.0",
  "lockfileVersion": 2,
  "requires": true,
  "packages": {
    "": {
      "version": "1.0.0",
      "license": "ISC",
      "dependencies": {
        "loadsh": "^0.0.4",
        "snabbdom": "^3.0.1"
      }
    },
    "node_modules/loadsh": {
      "version": "0.0.4",
      "resolved": "https://registry.npm.taobao.org/loadsh/download/loadsh-0.0.4.tgz",
      "integrity": "sha1-UxS6vRK7EzFd3gJKTKcHWMVInS0=",
      "deprecated": "This is a typosquat on the popular Lodash package. This is not maintained nor is the original Lodash package."
    },
    "node_modules/snabbdom": {
      "version": "3.0.1",
      "resolved": "https://registry.npm.taobao.org/snabbdom/download/snabbdom-3.0.1.tgz",
      "integrity": "sha1-k1UznnyXC+f81UEozN6e5XMB8iI=",
      "engines": {
        "node": ">=8.3.0"
      }
    }
  },
  "dependencies": {
    "loadsh": {
      "version": "0.0.4",
      "resolved": "https://registry.npm.taobao.org/loadsh/download/loadsh-0.0.4.tgz",
      "integrity": "sha1-UxS6vRK7EzFd3gJKTKcHWMVInS0="
    },
    "snabbdom": {
      "version": "3.0.1",
      "resolved": "https://registry.npm.taobao.org/snabbdom/download/snabbdom-3.0.1.tgz",
      "integrity": "sha1-k1UznnyXC+f81UEozN6e5XMB8iI="
    }
  }
}
